
Microsoft Visual Studio Solution File, Format Version 12.00
# Visual Studio Version 17
VisualStudioVersion = 17.6.33723.286
MinimumVisualStudioVersion = 10.0.40219.1
Project("{9A19103F-16F7-4668-BE54-9A1E7A4F7556}") = "PipetteMod", "PipetteMod.csproj", "{5CE78F43-BE6C-415A-9D55-03D3076B2063}"
EndProject
Project("{2150E333-8FDC-42A3-9474-1A3956D46DE8}") = "Solution Items", "Solution Items", "{1DB00447-30BE-4C28-B3EB-F7AE44339F8B}"
	ProjectSection(SolutionItems) = preProject
		.editorconfig = .editorconfig
	EndProjectSection
EndProject
Global
	GlobalSection(SolutionConfigurationPlatforms) = preSolution
		Debug|Any CPU = Debug|Any CPU
		Release|Any CPU = Release|Any CPU
	EndGlobalSection
	GlobalSection(ProjectConfigurationPlatforms) = postSolution
		{5CE78F43-BE6C-415A-9D55-03D3076B2063}.Debug|Any CPU.ActiveCfg = Debug|Any CPU
		{5CE78F43-BE6C-415A-9D55-03D3076B2063}.Debug|Any CPU.Build.0 = Debug|Any CPU
		{5CE78F43-BE6C-415A-9D55-03D3076B2063}.Release|Any CPU.ActiveCfg = Release|Any CPU
		{5CE78F43-BE6C-415A-9D55-03D3076B2063}.Release|Any CPU.Build.0 = Release|Any CPU
	EndGlobalSection
	GlobalSection(SolutionProperties) = preSolution
		HideSolutionNode = FALSE
	EndGlobalSection
	GlobalSection(ExtensibilityGlobals) = postSolution
		SolutionGuid = {A31F8403-D779-4031-891C-B92A89E7EB3D}
	EndGlobalSection
EndGlobal
